
Microsoft Visual Studio Solution File, Format Version 12.00
# Visual Studio Version 17
VisualStudioVersion = 17.9.34622.214
MinimumVisualStudioVersion = 10.0.40219.1
Project("{FAE04EC0-301F-11D3-BF4B-00C04F79EFBC}") = "Assessed_Exercise_3", "Assessed_Exercise_3.csproj", "{706B58B0-5163-4D8B-997B-774ECC7E4E7B}"
EndProject
Global
	GlobalSection(SolutionConfigurationPlatforms) = preSolution
		Debug|Any CPU = Debug|Any CPU
		Release|Any CPU = Release|Any CPU
	EndGlobalSection
	GlobalSection(ProjectConfigurationPlatforms) = postSolution
		{706B58B0-5163-4D8B-997B-774ECC7E4E7B}.Debug|Any CPU.ActiveCfg = Debug|Any CPU
		{706B58B0-5163-4D8B-997B-774ECC7E4E7B}.Debug|Any CPU.Build.0 = Debug|Any CPU
		{706B58B0-5163-4D8B-997B-774ECC7E4E7B}.Release|Any CPU.ActiveCfg = Release|Any CPU
		{706B58B0-5163-4D8B-997B-774ECC7E4E7B}.Release|Any CPU.Build.0 = Release|Any CPU
	EndGlobalSection
	GlobalSection(SolutionProperties) = preSolution
		HideSolutionNode = FALSE
	EndGlobalSection
	GlobalSection(ExtensibilityGlobals) = postSolution
		SolutionGuid = {9A056B4F-6D4F-48E3-A4C1-6EC6B04C8E7B}
	EndGlobalSection
EndGlobal
